// !$*UTF8*$!
{
	archiveVersion = 1;
	classes = {
	};
	objectVersion = 56;
	objects = {

/* Begin PBXBuildFile section */
		0E3A46822C7C4D2200745074 /* SiteDiaryApp.swift in Sources */ = {isa = PBXBuildFile; fileRef = 0E3A46812C7C4D2200745074 /* SiteDiaryApp.swift */; };
		0E3A46862C7C4D2400745074 /* Assets.xcassets in Resources */ = {isa = PBXBuildFile; fileRef = 0E3A46852C7C4D2400745074 /* Assets.xcassets */; };
		0E3A46892C7C4D2400745074 /* Preview Assets.xcassets in Resources */ = {isa = PBXBuildFile; fileRef = 0E3A46882C7C4D2400745074 /* Preview Assets.xcassets */; };
		0EC516AA2C7C50BC00883DD7 /* NewDiaryEntryView.swift in Sources */ = {isa = PBXBuildFile; fileRef = 0EC516A92C7C50BC00883DD7 /* NewDiaryEntryView.swift */; };
		0EC516AD2C7C775500883DD7 /* DropdownTextField.swift in Sources */ = {isa = PBXBuildFile; fileRef = 0EC516AC2C7C775500883DD7 /* DropdownTextField.swift */; };
		0EC516AF2C7D434600883DD7 /* View+Extensions.swift in Sources */ = {isa = PBXBuildFile; fileRef = 0EC516AE2C7D434600883DD7 /* View+Extensions.swift */; };
		0EC516B12C7D534E00883DD7 /* CheckboxToggleStyle.swift in Sources */ = {isa = PBXBuildFile; fileRef = 0EC516B02C7D534E00883DD7 /* CheckboxToggleStyle.swift */; };
		0EC516B32C7D5C5200883DD7 /* PrimaryButtonStyle.swift in Sources */ = {isa = PBXBuildFile; fileRef = 0EC516B22C7D5C5200883DD7 /* PrimaryButtonStyle.swift */; };
		0EC516B52C7D618800883DD7 /* NewDiaryEntryViewModel.swift in Sources */ = {isa = PBXBuildFile; fileRef = 0EC516B42C7D618800883DD7 /* NewDiaryEntryViewModel.swift */; };
		0EC516B72C7D796100883DD7 /* HUDView.swift in Sources */ = {isa = PBXBuildFile; fileRef = 0EC516B62C7D796100883DD7 /* HUDView.swift */; };
		0EC516BB2C7D8D0000883DD7 /* NetworkService.swift in Sources */ = {isa = PBXBuildFile; fileRef = 0EC516B82C7D8D0000883DD7 /* NetworkService.swift */; };
		0EC516BC2C7D8D0000883DD7 /* Resource.swift in Sources */ = {isa = PBXBuildFile; fileRef = 0EC516B92C7D8D0000883DD7 /* Resource.swift */; };
		0EC516BD2C7D8D0000883DD7 /* NetworkServiceType.swift in Sources */ = {isa = PBXBuildFile; fileRef = 0EC516BA2C7D8D0000883DD7 /* NetworkServiceType.swift */; };
		0EC516C72C7D947000883DD7 /* APIConstants.swift in Sources */ = {isa = PBXBuildFile; fileRef = 0EC516C62C7D947000883DD7 /* APIConstants.swift */; };
		0EC516C92C7D956700883DD7 /* ServicesProvider.swift in Sources */ = {isa = PBXBuildFile; fileRef = 0EC516C82C7D956700883DD7 /* ServicesProvider.swift */; };
		0EC516CD2C7D96AC00883DD7 /* DiraryEntry.swift in Sources */ = {isa = PBXBuildFile; fileRef = 0EC516CC2C7D96AC00883DD7 /* DiraryEntry.swift */; };
		0EC516CF2C7D98B900883DD7 /* Resource+DiaryEntry.swift in Sources */ = {isa = PBXBuildFile; fileRef = 0EC516CE2C7D98B900883DD7 /* Resource+DiaryEntry.swift */; };
		0EC516D12C7D9D9F00883DD7 /* DiaryUseCase.swift in Sources */ = {isa = PBXBuildFile; fileRef = 0EC516D02C7D9D9F00883DD7 /* DiaryUseCase.swift */; };
		0EC516D32C7D9DB800883DD7 /* DiaryUseCaseType.swift in Sources */ = {isa = PBXBuildFile; fileRef = 0EC516D22C7D9DB800883DD7 /* DiaryUseCaseType.swift */; };
		0EC516D62C7DA7F000883DD7 /* DiaryItem.swift in Sources */ = {isa = PBXBuildFile; fileRef = 0EC516D52C7DA7F000883DD7 /* DiaryItem.swift */; };
		0EC516DC2C7DC4C300883DD7 /* NetworkError+Helper.swift in Sources */ = {isa = PBXBuildFile; fileRef = 0EC516DB2C7DC4C300883DD7 /* NetworkError+Helper.swift */; };
		0EC516E62C7DDE0700883DD7 /* SharedUtils in Frameworks */ = {isa = PBXBuildFile; productRef = 0EC516E52C7DDE0700883DD7 /* SharedUtils */; };
/* End PBXBuildFile section */

/* Begin PBXFileReference section */
		0E3A467E2C7C4D2200745074 /* SiteDiary.app */ = {isa = PBXFileReference; explicitFileType = wrapper.application; includeInIndex = 0; path = SiteDiary.app; sourceTree = BUILT_PRODUCTS_DIR; };
		0E3A46812C7C4D2200745074 /* SiteDiaryApp.swift */ = {isa = PBXFileReference; lastKnownFileType = sourcecode.swift; path = SiteDiaryApp.swift; sourceTree = "<group>"; };
		0E3A46852C7C4D2400745074 /* Assets.xcassets */ = {isa = PBXFileReference; lastKnownFileType = folder.assetcatalog; path = Assets.xcassets; sourceTree = "<group>"; };
		0E3A46882C7C4D2400745074 /* Preview Assets.xcassets */ = {isa = PBXFileReference; lastKnownFileType = folder.assetcatalog; path = "Preview Assets.xcassets"; sourceTree = "<group>"; };
		0EC516A92C7C50BC00883DD7 /* NewDiaryEntryView.swift */ = {isa = PBXFileReference; lastKnownFileType = sourcecode.swift; path = NewDiaryEntryView.swift; sourceTree = "<group>"; };
		0EC516AC2C7C775500883DD7 /* DropdownTextField.swift */ = {isa = PBXFileReference; lastKnownFileType = sourcecode.swift; path = DropdownTextField.swift; sourceTree = "<group>"; };
		0EC516AE2C7D434600883DD7 /* View+Extensions.swift */ = {isa = PBXFileReference; lastKnownFileType = sourcecode.swift; path = "View+Extensions.swift"; sourceTree = "<group>"; };
		0EC516B02C7D534E00883DD7 /* CheckboxToggleStyle.swift */ = {isa = PBXFileReference; lastKnownFileType = sourcecode.swift; path = CheckboxToggleStyle.swift; sourceTree = "<group>"; };
		0EC516B22C7D5C5200883DD7 /* PrimaryButtonStyle.swift */ = {isa = PBXFileReference; lastKnownFileType = sourcecode.swift; path = PrimaryButtonStyle.swift; sourceTree = "<group>"; };
		0EC516B42C7D618800883DD7 /* NewDiaryEntryViewModel.swift */ = {isa = PBXFileReference; lastKnownFileType = sourcecode.swift; path = NewDiaryEntryViewModel.swift; sourceTree = "<group>"; };
		0EC516B62C7D796100883DD7 /* HUDView.swift */ = {isa = PBXFileReference; lastKnownFileType = sourcecode.swift; path = HUDView.swift; sourceTree = "<group>"; };
		0EC516B82C7D8D0000883DD7 /* NetworkService.swift */ = {isa = PBXFileReference; fileEncoding = 4; lastKnownFileType = sourcecode.swift; path = NetworkService.swift; sourceTree = "<group>"; };
		0EC516B92C7D8D0000883DD7 /* Resource.swift */ = {isa = PBXFileReference; fileEncoding = 4; lastKnownFileType = sourcecode.swift; path = Resource.swift; sourceTree = "<group>"; };
		0EC516BA2C7D8D0000883DD7 /* NetworkServiceType.swift */ = {isa = PBXFileReference; fileEncoding = 4; lastKnownFileType = sourcecode.swift; path = NetworkServiceType.swift; sourceTree = "<group>"; };
		0EC516C62C7D947000883DD7 /* APIConstants.swift */ = {isa = PBXFileReference; lastKnownFileType = sourcecode.swift; path = APIConstants.swift; sourceTree = "<group>"; };
		0EC516C82C7D956700883DD7 /* ServicesProvider.swift */ = {isa = PBXFileReference; fileEncoding = 4; lastKnownFileType = sourcecode.swift; path = ServicesProvider.swift; sourceTree = "<group>"; };
		0EC516CC2C7D96AC00883DD7 /* DiraryEntry.swift */ = {isa = PBXFileReference; lastKnownFileType = sourcecode.swift; path = DiraryEntry.swift; sourceTree = "<group>"; };
		0EC516CE2C7D98B900883DD7 /* Resource+DiaryEntry.swift */ = {isa = PBXFileReference; lastKnownFileType = sourcecode.swift; path = "Resource+DiaryEntry.swift"; sourceTree = "<group>"; };
		0EC516D02C7D9D9F00883DD7 /* DiaryUseCase.swift */ = {isa = PBXFileReference; lastKnownFileType = sourcecode.swift; path = DiaryUseCase.swift; sourceTree = "<group>"; };
		0EC516D22C7D9DB800883DD7 /* DiaryUseCaseType.swift */ = {isa = PBXFileReference; lastKnownFileType = sourcecode.swift; path = DiaryUseCaseType.swift; sourceTree = "<group>"; };
		0EC516D52C7DA7F000883DD7 /* DiaryItem.swift */ = {isa = PBXFileReference; lastKnownFileType = sourcecode.swift; path = DiaryItem.swift; sourceTree = "<group>"; };
		0EC516DB2C7DC4C300883DD7 /* NetworkError+Helper.swift */ = {isa = PBXFileReference; lastKnownFileType = sourcecode.swift; path = "NetworkError+Helper.swift"; sourceTree = "<group>"; };
		0EC516E42C7DDC8D00883DD7 /* SharedUtils */ = {isa = PBXFileReference; lastKnownFileType = wrapper; path = SharedUtils; sourceTree = "<group>"; };
/* End PBXFileReference section */

/* Begin PBXFrameworksBuildPhase section */
		0E3A467B2C7C4D2200745074 /* Frameworks */ = {
			isa = PBXFrameworksBuildPhase;
			buildActionMask = 2147483647;
			files = (
				0EC516E62C7DDE0700883DD7 /* SharedUtils in Frameworks */,
			);
			runOnlyForDeploymentPostprocessing = 0;
		};
/* End PBXFrameworksBuildPhase section */

/* Begin PBXGroup section */
		0E3A46752C7C4D2200745074 = {
			isa = PBXGroup;
			children = (
				0EC516E42C7DDC8D00883DD7 /* SharedUtils */,
				0E3A46802C7C4D2200745074 /* SiteDiary */,
				0E3A467F2C7C4D2200745074 /* Products */,
				0EC516DF2C7DDAFA00883DD7 /* Frameworks */,
			);
			sourceTree = "<group>";
		};
		0E3A467F2C7C4D2200745074 /* Products */ = {
			isa = PBXGroup;
			children = (
				0E3A467E2C7C4D2200745074 /* SiteDiary.app */,
			);
			name = Products;
			sourceTree = "<group>";
		};
		0E3A46802C7C4D2200745074 /* SiteDiary */ = {
			isa = PBXGroup;
			children = (
				0EC516A52C7C4FA800883DD7 /* PresentationLayer */,
				0EC516A72C7C4FF400883DD7 /* DomainLayer */,
				0EC516A62C7C4FE800883DD7 /* DataLayer */,
				0E3A46852C7C4D2400745074 /* Assets.xcassets */,
				0E3A46872C7C4D2400745074 /* Preview Content */,
			);
			path = SiteDiary;
			sourceTree = "<group>";
		};
		0E3A46872C7C4D2400745074 /* Preview Content */ = {
			isa = PBXGroup;
			children = (
				0E3A46882C7C4D2400745074 /* Preview Assets.xcassets */,
			);
			path = "Preview Content";
			sourceTree = "<group>";
		};
		0EC516A52C7C4FA800883DD7 /* PresentationLayer */ = {
			isa = PBXGroup;
			children = (
				0EC516DD2C7DC83300883DD7 /* Helpers */,
				0EC516AB2C7C770300883DD7 /* UIComponents */,
				0EC516A82C7C507D00883DD7 /* New Diary */,
				0E3A46812C7C4D2200745074 /* SiteDiaryApp.swift */,
			);
			path = PresentationLayer;
			sourceTree = "<group>";
		};
		0EC516A62C7C4FE800883DD7 /* DataLayer */ = {
			isa = PBXGroup;
			children = (
				0EC516CB2C7D95E200883DD7 /* Models */,
				0EC516CA2C7D957100883DD7 /* NetworkService */,
				0EC516C82C7D956700883DD7 /* ServicesProvider.swift */,
				0EC516C62C7D947000883DD7 /* APIConstants.swift */,
				0EC516CE2C7D98B900883DD7 /* Resource+DiaryEntry.swift */,
			);
			path = DataLayer;
			sourceTree = "<group>";
		};
		0EC516A72C7C4FF400883DD7 /* DomainLayer */ = {
			isa = PBXGroup;
			children = (
				0EC516D42C7DA7D900883DD7 /* Models */,
				0EC516D22C7D9DB800883DD7 /* DiaryUseCaseType.swift */,
				0EC516D02C7D9D9F00883DD7 /* DiaryUseCase.swift */,
			);
			path = DomainLayer;
			sourceTree = "<group>";
		};
		0EC516A82C7C507D00883DD7 /* New Diary */ = {
			isa = PBXGroup;
			children = (
				0EC516A92C7C50BC00883DD7 /* NewDiaryEntryView.swift */,
				0EC516B42C7D618800883DD7 /* NewDiaryEntryViewModel.swift */,
			);
			path = "New Diary";
			sourceTree = "<group>";
		};
		0EC516AB2C7C770300883DD7 /* UIComponents */ = {
			isa = PBXGroup;
			children = (
				0EC516AC2C7C775500883DD7 /* DropdownTextField.swift */,
				0EC516AE2C7D434600883DD7 /* View+Extensions.swift */,
				0EC516B02C7D534E00883DD7 /* CheckboxToggleStyle.swift */,
				0EC516B22C7D5C5200883DD7 /* PrimaryButtonStyle.swift */,
				0EC516B62C7D796100883DD7 /* HUDView.swift */,
			);
			path = UIComponents;
			sourceTree = "<group>";
		};
		0EC516CA2C7D957100883DD7 /* NetworkService */ = {
			isa = PBXGroup;
			children = (
				0EC516B92C7D8D0000883DD7 /* Resource.swift */,
				0EC516B82C7D8D0000883DD7 /* NetworkService.swift */,
				0EC516BA2C7D8D0000883DD7 /* NetworkServiceType.swift */,
			);
			path = NetworkService;
			sourceTree = "<group>";
		};
		0EC516CB2C7D95E200883DD7 /* Models */ = {
			isa = PBXGroup;
			children = (
				0EC516CC2C7D96AC00883DD7 /* DiraryEntry.swift */,
			);
			path = Models;
			sourceTree = "<group>";
		};
		0EC516D42C7DA7D900883DD7 /* Models */ = {
			isa = PBXGroup;
			children = (
				0EC516D52C7DA7F000883DD7 /* DiaryItem.swift */,
			);
			path = Models;
			sourceTree = "<group>";
		};
		0EC516DD2C7DC83300883DD7 /* Helpers */ = {
			isa = PBXGroup;
			children = (
				0EC516DB2C7DC4C300883DD7 /* NetworkError+Helper.swift */,
			);
			path = Helpers;
			sourceTree = "<group>";
		};
		0EC516DF2C7DDAFA00883DD7 /* Frameworks */ = {
			isa = PBXGroup;
			children = (
			);
			name = Frameworks;
			sourceTree = "<group>";
		};
/* End PBXGroup section */

/* Begin PBXNativeTarget section */
		0E3A467D2C7C4D2200745074 /* SiteDiary */ = {
			isa = PBXNativeTarget;
			buildConfigurationList = 0E3A468C2C7C4D2400745074 /* Build configuration list for PBXNativeTarget "SiteDiary" */;
			buildPhases = (
				0E3A467A2C7C4D2200745074 /* Sources */,
				0E3A467B2C7C4D2200745074 /* Frameworks */,
				0E3A467C2C7C4D2200745074 /* Resources */,
			);
			buildRules = (
			);
			dependencies = (
			);
			name = SiteDiary;
			packageProductDependencies = (
				0EC516E52C7DDE0700883DD7 /* SharedUtils */,
			);
			productName = SiteDiary;
			productReference = 0E3A467E2C7C4D2200745074 /* SiteDiary.app */;
			productType = "com.apple.product-type.application";
		};
/* End PBXNativeTarget section */

/* Begin PBXProject section */
		0E3A46762C7C4D2200745074 /* Project object */ = {
			isa = PBXProject;
			attributes = {
				BuildIndependentTargetsInParallel = 1;
				LastSwiftUpdateCheck = 1540;
				LastUpgradeCheck = 1540;
				TargetAttributes = {
					0E3A467D2C7C4D2200745074 = {
						CreatedOnToolsVersion = 15.4;
					};
				};
			};
			buildConfigurationList = 0E3A46792C7C4D2200745074 /* Build configuration list for PBXProject "SiteDiary" */;
			compatibilityVersion = "Xcode 14.0";
			developmentRegion = en;
			hasScannedForEncodings = 0;
			knownRegions = (
				en,
				Base,
			);
			mainGroup = 0E3A46752C7C4D2200745074;
			packageReferences = (
				0EC516E32C7DDC3300883DD7 /* XCRemoteSwiftPackageReference "SwiftLintPlugins" */,
			);
			productRefGroup = 0E3A467F2C7C4D2200745074 /* Products */;
			projectDirPath = "";
			projectRoot = "";
			targets = (
				0E3A467D2C7C4D2200745074 /* SiteDiary */,
			);
		};
/* End PBXProject section */

/* Begin PBXResourcesBuildPhase section */
		0E3A467C2C7C4D2200745074 /* Resources */ = {
			isa = PBXResourcesBuildPhase;
			buildActionMask = 2147483647;
			files = (
				0E3A46892C7C4D2400745074 /* Preview Assets.xcassets in Resources */,
				0E3A46862C7C4D2400745074 /* Assets.xcassets in Resources */,
			);
			runOnlyForDeploymentPostprocessing = 0;
		};
/* End PBXResourcesBuildPhase section */

/* Begin PBXSourcesBuildPhase section */
		0E3A467A2C7C4D2200745074 /* Sources */ = {
			isa = PBXSourcesBuildPhase;
			buildActionMask = 2147483647;
			files = (
				0EC516CF2C7D98B900883DD7 /* Resource+DiaryEntry.swift in Sources */,
				0EC516D62C7DA7F000883DD7 /* DiaryItem.swift in Sources */,
				0EC516C92C7D956700883DD7 /* ServicesProvider.swift in Sources */,
				0EC516B32C7D5C5200883DD7 /* PrimaryButtonStyle.swift in Sources */,
				0EC516B52C7D618800883DD7 /* NewDiaryEntryViewModel.swift in Sources */,
				0EC516CD2C7D96AC00883DD7 /* DiraryEntry.swift in Sources */,
				0E3A46822C7C4D2200745074 /* SiteDiaryApp.swift in Sources */,
				0EC516BC2C7D8D0000883DD7 /* Resource.swift in Sources */,
				0EC516B12C7D534E00883DD7 /* CheckboxToggleStyle.swift in Sources */,
				0EC516D32C7D9DB800883DD7 /* DiaryUseCaseType.swift in Sources */,
				0EC516BB2C7D8D0000883DD7 /* NetworkService.swift in Sources */,
				0EC516AA2C7C50BC00883DD7 /* NewDiaryEntryView.swift in Sources */,
				0EC516BD2C7D8D0000883DD7 /* NetworkServiceType.swift in Sources */,
				0EC516DC2C7DC4C300883DD7 /* NetworkError+Helper.swift in Sources */,
				0EC516C72C7D947000883DD7 /* APIConstants.swift in Sources */,
				0EC516B72C7D796100883DD7 /* HUDView.swift in Sources */,
				0EC516AF2C7D434600883DD7 /* View+Extensions.swift in Sources */,
				0EC516D12C7D9D9F00883DD7 /* DiaryUseCase.swift in Sources */,
				0EC516AD2C7C775500883DD7 /* DropdownTextField.swift in Sources */,
			);
			runOnlyForDeploymentPostprocessing = 0;
		};
/* End PBXSourcesBuildPhase section */

/* Begin XCBuildConfiguration section */
		0E3A468A2C7C4D2400745074 /* Debug */ = {
			isa = XCBuildConfiguration;
			buildSettings = {
				ALWAYS_SEARCH_USER_PATHS = NO;
				ASSETCATALOG_COMPILER_GENERATE_SWIFT_ASSET_SYMBOL_EXTENSIONS = YES;
				CLANG_ANALYZER_NONNULL = YES;
				CLANG_ANALYZER_NUMBER_OBJECT_CONVERSION = YES_AGGRESSIVE;
				CLANG_CXX_LANGUAGE_STANDARD = "gnu++20";
				CLANG_ENABLE_MODULES = YES;
				CLANG_ENABLE_OBJC_ARC = YES;
				CLANG_ENABLE_OBJC_WEAK = YES;
				CLANG_WARN_BLOCK_CAPTURE_AUTORELEASING = YES;
				CLANG_WARN_BOOL_CONVERSION = YES;
				CLANG_WARN_COMMA = YES;
				CLANG_WARN_CONSTANT_CONVERSION = YES;
				CLANG_WARN_DEPRECATED_OBJC_IMPLEMENTATIONS = YES;
				CLANG_WARN_DIRECT_OBJC_ISA_USAGE = YES_ERROR;
				CLANG_WARN_DOCUMENTATION_COMMENTS = YES;
				CLANG_WARN_EMPTY_BODY = YES;
				CLANG_WARN_ENUM_CONVERSION = YES;
				CLANG_WARN_INFINITE_RECURSION = YES;
				CLANG_WARN_INT_CONVERSION = YES;
				CLANG_WARN_NON_LITERAL_NULL_CONVERSION = YES;
				CLANG_WARN_OBJC_IMPLICIT_RETAIN_SELF = YES;
				CLANG_WARN_OBJC_LITERAL_CONVERSION = YES;
				CLANG_WARN_OBJC_ROOT_CLASS = YES_ERROR;
				CLANG_WARN_QUOTED_INCLUDE_IN_FRAMEWORK_HEADER = YES;
				CLANG_WARN_RANGE_LOOP_ANALYSIS = YES;
				CLANG_WARN_STRICT_PROTOTYPES = YES;
				CLANG_WARN_SUSPICIOUS_MOVE = YES;
				CLANG_WARN_UNGUARDED_AVAILABILITY = YES_AGGRESSIVE;
				CLANG_WARN_UNREACHABLE_CODE = YES;
				CLANG_WARN__DUPLICATE_METHOD_MATCH = YES;
				COPY_PHASE_STRIP = NO;
				DEBUG_INFORMATION_FORMAT = dwarf;
				ENABLE_STRICT_OBJC_MSGSEND = YES;
				ENABLE_TESTABILITY = YES;
				ENABLE_USER_SCRIPT_SANDBOXING = YES;
				GCC_C_LANGUAGE_STANDARD = gnu17;
				GCC_DYNAMIC_NO_PIC = NO;
				GCC_NO_COMMON_BLOCKS = YES;
				GCC_OPTIMIZATION_LEVEL = 0;
				GCC_PREPROCESSOR_DEFINITIONS = (
					"DEBUG=1",
					"$(inherited)",
				);
				GCC_WARN_64_TO_32_BIT_CONVERSION = YES;
				GCC_WARN_ABOUT_RETURN_TYPE = YES_ERROR;
				GCC_WARN_UNDECLARED_SELECTOR = YES;
				GCC_WARN_UNINITIALIZED_AUTOS = YES_AGGRESSIVE;
				GCC_WARN_UNUSED_FUNCTION = YES;
				GCC_WARN_UNUSED_VARIABLE = YES;
				IPHONEOS_DEPLOYMENT_TARGET = 17.5;
				LOCALIZATION_PREFERS_STRING_CATALOGS = YES;
				MTL_ENABLE_DEBUG_INFO = INCLUDE_SOURCE;
				MTL_FAST_MATH = YES;
				ONLY_ACTIVE_ARCH = YES;
				SDKROOT = iphoneos;
				SWIFT_ACTIVE_COMPILATION_CONDITIONS = "DEBUG $(inherited)";
				SWIFT_OPTIMIZATION_LEVEL = "-Onone";
			};
			name = Debug;
		};
		0E3A468B2C7C4D2400745074 /* Release */ = {
			isa = XCBuildConfiguration;
			buildSettings = {
				ALWAYS_SEARCH_USER_PATHS = NO;
				ASSETCATALOG_COMPILER_GENERATE_SWIFT_ASSET_SYMBOL_EXTENSIONS = YES;
				CLANG_ANALYZER_NONNULL = YES;
				CLANG_ANALYZER_NUMBER_OBJECT_CONVERSION = YES_AGGRESSIVE;
				CLANG_CXX_LANGUAGE_STANDARD = "gnu++20";
				CLANG_ENABLE_MODULES = YES;
				CLANG_ENABLE_OBJC_ARC = YES;
				CLANG_ENABLE_OBJC_WEAK = YES;
				CLANG_WARN_BLOCK_CAPTURE_AUTORELEASING = YES;
				CLANG_WARN_BOOL_CONVERSION = YES;
				CLANG_WARN_COMMA = YES;
				CLANG_WARN_CONSTANT_CONVERSION = YES;
				CLANG_WARN_DEPRECATED_OBJC_IMPLEMENTATIONS = YES;
				CLANG_WARN_DIRECT_OBJC_ISA_USAGE = YES_ERROR;
				CLANG_WARN_DOCUMENTATION_COMMENTS = YES;
				CLANG_WARN_EMPTY_BODY = YES;
				CLANG_WARN_ENUM_CONVERSION = YES;
				CLANG_WARN_INFINITE_RECURSION = YES;
				CLANG_WARN_INT_CONVERSION = YES;
				CLANG_WARN_NON_LITERAL_NULL_CONVERSION = YES;
				CLANG_WARN_OBJC_IMPLICIT_RETAIN_SELF = YES;
				CLANG_WARN_OBJC_LITERAL_CONVERSION = YES;
				CLANG_WARN_OBJC_ROOT_CLASS = YES_ERROR;
				CLANG_WARN_QUOTED_INCLUDE_IN_FRAMEWORK_HEADER = YES;
				CLANG_WARN_RANGE_LOOP_ANALYSIS = YES;
				CLANG_WARN_STRICT_PROTOTYPES = YES;
				CLANG_WARN_SUSPICIOUS_MOVE = YES;
				CLANG_WARN_UNGUARDED_AVAILABILITY = YES_AGGRESSIVE;
				CLANG_WARN_UNREACHABLE_CODE = YES;
				CLANG_WARN__DUPLICATE_METHOD_MATCH = YES;
				COPY_PHASE_STRIP = NO;
				DEBUG_INFORMATION_FORMAT = "dwarf-with-dsym";
				ENABLE_NS_ASSERTIONS = NO;
				ENABLE_STRICT_OBJC_MSGSEND = YES;
				ENABLE_USER_SCRIPT_SANDBOXING = YES;
				GCC_C_LANGUAGE_STANDARD = gnu17;
				GCC_NO_COMMON_BLOCKS = YES;
				GCC_WARN_64_TO_32_BIT_CONVERSION = YES;
				GCC_WARN_ABOUT_RETURN_TYPE = YES_ERROR;
				GCC_WARN_UNDECLARED_SELECTOR = YES;
				GCC_WARN_UNINITIALIZED_AUTOS = YES_AGGRESSIVE;
				GCC_WARN_UNUSED_FUNCTION = YES;
				GCC_WARN_UNUSED_VARIABLE = YES;
				IPHONEOS_DEPLOYMENT_TARGET = 17.5;
				LOCALIZATION_PREFERS_STRING_CATALOGS = YES;
				MTL_ENABLE_DEBUG_INFO = NO;
				MTL_FAST_MATH = YES;
				SDKROOT = iphoneos;
				SWIFT_COMPILATION_MODE = wholemodule;
				VALIDATE_PRODUCT = YES;
			};
			name = Release;
		};
		0E3A468D2C7C4D2400745074 /* Debug */ = {
			isa = XCBuildConfiguration;
			buildSettings = {
				ASSETCATALOG_COMPILER_APPICON_NAME = AppIcon;
				ASSETCATALOG_COMPILER_GLOBAL_ACCENT_COLOR_NAME = AccentColor;
				CODE_SIGN_STYLE = Automatic;
				CURRENT_PROJECT_VERSION = 1;
				DEVELOPMENT_ASSET_PATHS = "\"SiteDiary/Preview Content\"";
				ENABLE_PREVIEWS = YES;
				GENERATE_INFOPLIST_FILE = YES;
				INFOPLIST_KEY_UIApplicationSceneManifest_Generation = YES;
				INFOPLIST_KEY_UIApplicationSupportsIndirectInputEvents = YES;
				INFOPLIST_KEY_UILaunchScreen_Generation = YES;
				INFOPLIST_KEY_UISupportedInterfaceOrientations = UIInterfaceOrientationPortrait;
				IPHONEOS_DEPLOYMENT_TARGET = 17.5;
				LD_RUNPATH_SEARCH_PATHS = (
					"$(inherited)",
					"@executable_path/Frameworks",
				);
				MARKETING_VERSION = 1.0;
				PRODUCT_BUNDLE_IDENTIFIER = com.arinappy.testing.SiteDiary;
				PRODUCT_NAME = "$(TARGET_NAME)";
				SUPPORTED_PLATFORMS = "iphoneos iphonesimulator";
				SUPPORTS_MACCATALYST = NO;
				SUPPORTS_MAC_DESIGNED_FOR_IPHONE_IPAD = NO;
				SUPPORTS_XR_DESIGNED_FOR_IPHONE_IPAD = NO;
				SWIFT_EMIT_LOC_STRINGS = YES;
				SWIFT_VERSION = 5.0;
				TARGETED_DEVICE_FAMILY = "1,2";
			};
			name = Debug;
		};
		0E3A468E2C7C4D2400745074 /* Release */ = {
			isa = XCBuildConfiguration;
			buildSettings = {
				ASSETCATALOG_COMPILER_APPICON_NAME = AppIcon;
				ASSETCATALOG_COMPILER_GLOBAL_ACCENT_COLOR_NAME = AccentColor;
				CODE_SIGN_STYLE = Automatic;
				CURRENT_PROJECT_VERSION = 1;
				DEVELOPMENT_ASSET_PATHS = "\"SiteDiary/Preview Content\"";
				ENABLE_PREVIEWS = YES;
				GENERATE_INFOPLIST_FILE = YES;
				INFOPLIST_KEY_UIApplicationSceneManifest_Generation = YES;
				INFOPLIST_KEY_UIApplicationSupportsIndirectInputEvents = YES;
				INFOPLIST_KEY_UILaunchScreen_Generation = YES;
				INFOPLIST_KEY_UISupportedInterfaceOrientations = UIInterfaceOrientationPortrait;
				IPHONEOS_DEPLOYMENT_TARGET = 17.5;
				LD_RUNPATH_SEARCH_PATHS = (
					"$(inherited)",
					"@executable_path/Frameworks",
				);
				MARKETING_VERSION = 1.0;
				PRODUCT_BUNDLE_IDENTIFIER = com.arinappy.testing.SiteDiary;
				PRODUCT_NAME = "$(TARGET_NAME)";
				SUPPORTED_PLATFORMS = "iphoneos iphonesimulator";
				SUPPORTS_MACCATALYST = NO;
				SUPPORTS_MAC_DESIGNED_FOR_IPHONE_IPAD = NO;
				SUPPORTS_XR_DESIGNED_FOR_IPHONE_IPAD = NO;
				SWIFT_EMIT_LOC_STRINGS = YES;
				SWIFT_VERSION = 5.0;
				TARGETED_DEVICE_FAMILY = "1,2";
			};
			name = Release;
		};
/* End XCBuildConfiguration section */

/* Begin XCConfigurationList section */
		0E3A46792C7C4D2200745074 /* Build configuration list for PBXProject "SiteDiary" */ = {
			isa = XCConfigurationList;
			buildConfigurations = (
				0E3A468A2C7C4D2400745074 /* Debug */,
				0E3A468B2C7C4D2400745074 /* Release */,
			);
			defaultConfigurationIsVisible = 0;
			defaultConfigurationName = Release;
		};
		0E3A468C2C7C4D2400745074 /* Build configuration list for PBXNativeTarget "SiteDiary" */ = {
			isa = XCConfigurationList;
			buildConfigurations = (
				0E3A468D2C7C4D2400745074 /* Debug */,
				0E3A468E2C7C4D2400745074 /* Release */,
			);
			defaultConfigurationIsVisible = 0;
			defaultConfigurationName = Release;
		};
/* End XCConfigurationList section */

/* Begin XCRemoteSwiftPackageReference section */
		0EC516E32C7DDC3300883DD7 /* XCRemoteSwiftPackageReference "SwiftLintPlugins" */ = {
			isa = XCRemoteSwiftPackageReference;
			repositoryURL = "https://github.com/SimplyDanny/SwiftLintPlugins";
			requirement = {
				kind = upToNextMajorVersion;
				minimumVersion = 0.55.1;
			};
		};
/* End XCRemoteSwiftPackageReference section */

/* Begin XCSwiftPackageProductDependency section */
		0EC516E52C7DDE0700883DD7 /* SharedUtils */ = {
			isa = XCSwiftPackageProductDependency;
			productName = SharedUtils;
		};
/* End XCSwiftPackageProductDependency section */
	};
	rootObject = 0E3A46762C7C4D2200745074 /* Project object */;
}
